
Microsoft Visual Studio Solution File, Format Version 12.00
# Visual Studio 15
VisualStudioVersion = 15.0.28307.421
MinimumVisualStudioVersion = 10.0.40219.1
Project("{FAE04EC0-301F-11D3-BF4B-00C04F79EFBC}") = "ProjectPortal", "ProjectPortal\ProjectPortal.csproj", "{6985E3D5-D974-4DA6-8809-CACE80298AD2}"
EndProject
Global
	GlobalSection(SolutionConfigurationPlatforms) = preSolution
		Debug|Any CPU = Debug|Any CPU
		Release|Any CPU = Release|Any CPU
	EndGlobalSection
	GlobalSection(ProjectConfigurationPlatforms) = postSolution
		{6985E3D5-D974-4DA6-8809-CACE80298AD2}.Debug|Any CPU.ActiveCfg = Debug|Any CPU
		{6985E3D5-D974-4DA6-8809-CACE80298AD2}.Debug|Any CPU.Build.0 = Debug|Any CPU
		{6985E3D5-D974-4DA6-8809-CACE80298AD2}.Release|Any CPU.ActiveCfg = Release|Any CPU
		{6985E3D5-D974-4DA6-8809-CACE80298AD2}.Release|Any CPU.Build.0 = Release|Any CPU
	EndGlobalSection
	GlobalSection(SolutionProperties) = preSolution
		HideSolutionNode = FALSE
	EndGlobalSection
	GlobalSection(ExtensibilityGlobals) = postSolution
		SolutionGuid = {BD825D93-4895-4F35-944A-AAEC70C34444}
	EndGlobalSection
EndGlobal
